
Microsoft Visual Studio Solution File, Format Version 12.00
# Visual Studio Version 16
VisualStudioVersion = 16.0.31025.194
MinimumVisualStudioVersion = 10.0.40219.1
Project("{FAE04EC0-301F-11D3-BF4B-00C04F79EFBC}") = "MyHealth.FileWatcher", "MyHealth.FileWatcher\MyHealth.FileWatcher.csproj", "{FEE5A07C-C427-4732-8AF5-54FEF0C5D97C}"
EndProject
Global
	GlobalSection(SolutionConfigurationPlatforms) = preSolution
		Debug|Any CPU = Debug|Any CPU
		Release|Any CPU = Release|Any CPU
	EndGlobalSection
	GlobalSection(ProjectConfigurationPlatforms) = postSolution
		{FEE5A07C-C427-4732-8AF5-54FEF0C5D97C}.Debug|Any CPU.ActiveCfg = Debug|Any CPU
		{FEE5A07C-C427-4732-8AF5-54FEF0C5D97C}.Debug|Any CPU.Build.0 = Debug|Any CPU
		{FEE5A07C-C427-4732-8AF5-54FEF0C5D97C}.Release|Any CPU.ActiveCfg = Release|Any CPU
		{FEE5A07C-C427-4732-8AF5-54FEF0C5D97C}.Release|Any CPU.Build.0 = Release|Any CPU
	EndGlobalSection
	GlobalSection(SolutionProperties) = preSolution
		HideSolutionNode = FALSE
	EndGlobalSection
	GlobalSection(ExtensibilityGlobals) = postSolution
		SolutionGuid = {3B1270B9-0C09-4398-85D1-A4F14E9B9FAD}
	EndGlobalSection
EndGlobal
